<?xml version="1.0" encoding="UTF-8"?>
<Scheme
   LastUpgradeVersion = "1130"
   version = "1.3">
   <BuildAction
      parallelizeBuildables = "YES"
      buildImplicitDependencies = "YES">
      <BuildActionEntries>
         <BuildActionEntry
            buildForTesting = "YES"
            buildForRunning = "YES"
            buildForProfiling = "YES"
            buildForArchiving = "YES"
            buildForAnalyzing = "YES">
            <BuildableReference
               BuildableIdentifier = "primary"
               BlueprintIdentifier = "D771B62A2535B6FA003E99A9"
               BuildableName = "TheGoodNewsFinalProject.app"
               BlueprintName = "TheGoodNewsFinalProject"
               ReferencedContainer = "container:TheGoodNewsFinalProject.xcodeproj">
            </BuildableReference>
         </BuildActionEntry>
      </BuildActionEntries>
   </BuildAction>
   <TestAction
      buildConfiguration = "Debug"
      selectedDebuggerIdentifier = "Xcode.DebuggerFoundation.Debugger.LLDB"
      selectedLauncherIdentifier = "Xcode.DebuggerFoundation.Launcher.LLDB"
      shouldUseLaunchSchemeArgsEnv = "YES"
      codeCoverageEnabled = "YES">
      <Testables>
         <TestableReference
            skipped = "NO">
            <BuildableReference
               BuildableIdentifier = "primary"
               BlueprintIdentifier = "D770F751255544F1004A134D"
               BuildableName = "TheGoodNewsFinalProjectTests.xctest"
               BlueprintName = "TheGoodNewsFinalProjectTests"
               ReferencedContainer = "container:TheGoodNewsFinalProject.xcodeproj">
            </BuildableReference>
         </TestableReference>
         <TestableReference
            skipped = "NO">
            <BuildableReference
               BuildableIdentifier = "primary"
               BlueprintIdentifier = "D770F75F25554C4A004A134D"
               BuildableName = "BackgroundsTests.xctest"
               BlueprintName = "BackgroundsTests"
               ReferencedContainer = "container:TheGoodNewsFinalProject.xcodeproj">
            </BuildableReference>
         </TestableReference>
         <TestableReference
            skipped = "NO">
            <BuildableReference
               BuildableIdentifier = "primary"
               BlueprintIdentifier = "D770F76D25555882004A134D"
               BuildableName = "QuotesModelTests.xctest"
               BlueprintName = "QuotesModelTests"
               ReferencedContainer = "container:TheGoodNewsFinalProject.xcodeproj">
            </BuildableReference>
         </TestableReference>
         <TestableReference
            skipped = "NO">
            <BuildableReference
               BuildableIdentifier = "primary"
               BlueprintIdentifier = "D770F77B25555931004A134D"
               BuildableName = "FavouritesTests.xctest"
               BlueprintName = "FavouritesTests"
               ReferencedContainer = "container:TheGoodNewsFinalProject.xcodeproj">
            </BuildableReference>
         </TestableReference>
      </Testables>
   </TestAction>
   <LaunchAction
      buildConfiguration = "Debug"
      selectedDebuggerIdentifier = "Xcode.DebuggerFoundation.Debugger.LLDB"
      selectedLauncherIdentifier = "Xcode.DebuggerFoundation.Launcher.LLDB"
      launchStyle = "0"
      useCustomWorkingDirectory = "NO"
      ignoresPersistentStateOnLaunch = "NO"
      debugDocumentVersioning = "YES"
      debugServiceExtension = "internal"
      allowLocationSimulation = "YES">
      <BuildableProductRunnable
         runnableDebuggingMode = "0">
         <BuildableReference
            BuildableIdentifier = "primary"
            BlueprintIdentifier = "D771B62A2535B6FA003E99A9"
            BuildableName = "TheGoodNewsFinalProject.app"
            BlueprintName = "TheGoodNewsFinalProject"
            ReferencedContainer = "container:TheGoodNewsFinalProject.xcodeproj">
         </BuildableReference>
      </BuildableProductRunnable>
      <CommandLineArguments>
         <CommandLineArgument
            argument = "-com.apple.CoreData.SQLDebug 1"
            isEnabled = "YES">
         </CommandLineArgument>
         <CommandLineArgument
            argument = "-com.apple.CoreData.Logging.stderr 1"
            isEnabled = "YES">
         </CommandLineArgument>
      </CommandLineArguments>
   </LaunchAction>
   <ProfileAction
      buildConfiguration = "Release"
      shouldUseLaunchSchemeArgsEnv = "YES"
      savedToolIdentifier = ""
      useCustomWorkingDirectory = "NO"
      debugDocumentVersioning = "YES">
      <BuildableProductRunnable
         runnableDebuggingMode = "0">
         <BuildableReference
            BuildableIdentifier = "primary"
            BlueprintIdentifier = "D771B62A2535B6FA003E99A9"
            BuildableName = "TheGoodNewsFinalProject.app"
            BlueprintName = "TheGoodNewsFinalProject"
            ReferencedContainer = "container:TheGoodNewsFinalProject.xcodeproj">
         </BuildableReference>
      </BuildableProductRunnable>
   </ProfileAction>
   <AnalyzeAction
      buildConfiguration = "Debug">
   </AnalyzeAction>
   <ArchiveAction
      buildConfiguration = "Release"
      revealArchiveInOrganizer = "YES">
   </ArchiveAction>
</Scheme>
